{
  "name": "test-npm-install-node-require",
  "version": "1.0.0",
  "lockfileVersion": 3,
  "requires": true,
  "packages": {
    "": {
      "name": "test-npm-install-node-require",
      "version": "1.0.0",
      "license": "ISC",
      "dependencies": {
        "multi-step-graphviz": "^1.0.1"
      }
    },
    "node_modules/multi-step-graphviz": {
      "version": "1.0.1",
      "resolved": "https://registry.npmjs.org/multi-step-graphviz/-/multi-step-graphviz-1.0.1.tgz",
      "integrity": "sha512-+HUpRJjurtfDx+1VbLGalPT6+jCktlLwJDsJQNZtTjf85S/na0AowAl0sVnFOE9s29kO1BvetE0+ifmPAapCRw=="
    }
  }
}
