{
  "name": "test-node-local-file-system-require",
  "version": "1.0.0",
  "lockfileVersion": 3,
  "requires": true,
  "packages": {
    "": {
      "name": "test-node-local-file-system-require",
      "version": "1.0.0",
      "license": "ISC",
      "dependencies": {
        "multi-step-graphviz": "file:../../graphviz-steps/multi-step-graphviz-1.0.2.tgz"
      }
    },
    "node_modules/multi-step-graphviz": {
      "version": "1.0.2",
      "resolved": "file:../../graphviz-steps/multi-step-graphviz-1.0.2.tgz",
      "integrity": "sha512-OP2mOQ5+r8laEnaiLeMFwTDg4a4vghpqW8kLgduRCjOr6o/s3fE8m0l8e/LmR6kV+GU8jwstjjsv4wReQZwPVQ==",
      "license": "MIT"
    }
  }
}
